
Microsoft Visual Studio Solution File, Format Version 12.00
# Visual Studio Version 16
VisualStudioVersion = 16.0.809.0
MinimumVisualStudioVersion = 10.0.40219.1
Project("{9A19103F-16F7-4668-BE54-9A1E7A4F7556}") = "WatchTemplate", "WatchTemplate\WatchTemplate.csproj", "{BE42D6FF-3E08-4001-8DC7-67713DA993BA}"
EndProject
Global
	GlobalSection(SolutionConfigurationPlatforms) = preSolution
		Debug|Any CPU = Debug|Any CPU
		Release|Any CPU = Release|Any CPU
	EndGlobalSection
	GlobalSection(ProjectConfigurationPlatforms) = postSolution
		{BE42D6FF-3E08-4001-8DC7-67713DA993BA}.Debug|Any CPU.ActiveCfg = Debug|Any CPU
		{BE42D6FF-3E08-4001-8DC7-67713DA993BA}.Debug|Any CPU.Build.0 = Debug|Any CPU
		{BE42D6FF-3E08-4001-8DC7-67713DA993BA}.Release|Any CPU.ActiveCfg = Release|Any CPU
		{BE42D6FF-3E08-4001-8DC7-67713DA993BA}.Release|Any CPU.Build.0 = Release|Any CPU
	EndGlobalSection
	GlobalSection(SolutionProperties) = preSolution
		HideSolutionNode = FALSE
	EndGlobalSection
	GlobalSection(ExtensibilityGlobals) = postSolution
		SolutionGuid = {CC634557-5329-4449-A9CD-E4CFFCAC9DCE}
	EndGlobalSection
EndGlobal
